// !$*UTF8*$!
{
	archiveVersion = 1;
	classes = {
	};
	objectVersion = 46;
	objects = {

/* Begin PBXBuildFile section */
		9F5ECAEBF1461BA020603A1F /* Pods.framework in Frameworks */ = {isa = PBXBuildFile; fileRef = FD918EF410E0C2313C441163 /* Pods.framework */; };
		CB045E8B1BE480E500A22682 /* ZXTitleBtn.swift in Sources */ = {isa = PBXBuildFile; fileRef = CB045E8A1BE480E500A22682 /* ZXTitleBtn.swift */; settings = {ASSET_TAGS = (); }; };
		CB045E8D1BE4D95200A22682 /* statuses.json in Resources */ = {isa = PBXBuildFile; fileRef = CB045E8C1BE4D95200A22682 /* statuses.json */; settings = {ASSET_TAGS = (); }; };
		CB045E8F1BE4DFD600A22682 /* UIView+AutoLayout.swift in Sources */ = {isa = PBXBuildFile; fileRef = CB045E8E1BE4DFD600A22682 /* UIView+AutoLayout.swift */; settings = {ASSET_TAGS = (); }; };
		CB045E911BE4E2E600A22682 /* ZXUser.swift in Sources */ = {isa = PBXBuildFile; fileRef = CB045E901BE4E2E600A22682 /* ZXUser.swift */; settings = {ASSET_TAGS = (); }; };
		CB045E931BE4E2FB00A22682 /* ZXStatus.swift in Sources */ = {isa = PBXBuildFile; fileRef = CB045E921BE4E2FB00A22682 /* ZXStatus.swift */; settings = {ASSET_TAGS = (); }; };
		CB045E961BE4E9DF00A22682 /* ZXStatusCell.swift in Sources */ = {isa = PBXBuildFile; fileRef = CB045E951BE4E9DF00A22682 /* ZXStatusCell.swift */; settings = {ASSET_TAGS = (); }; };
		CB045E981BE4EA0400A22682 /* ZXStatusTopView.swift in Sources */ = {isa = PBXBuildFile; fileRef = CB045E971BE4EA0400A22682 /* ZXStatusTopView.swift */; settings = {ASSET_TAGS = (); }; };
		CB045E9A1BE4EB0200A22682 /* Label+Extension.swift in Sources */ = {isa = PBXBuildFile; fileRef = CB045E991BE4EB0200A22682 /* Label+Extension.swift */; settings = {ASSET_TAGS = (); }; };
		CB08FA3D1BE878C2009702A1 /* ZXRefreshControl.swift in Sources */ = {isa = PBXBuildFile; fileRef = CB08FA3C1BE878C2009702A1 /* ZXRefreshControl.swift */; settings = {ASSET_TAGS = (); }; };
		CB08FA3F1BE87989009702A1 /* ZXRefresh.xib in Resources */ = {isa = PBXBuildFile; fileRef = CB08FA3E1BE87989009702A1 /* ZXRefresh.xib */; settings = {ASSET_TAGS = (); }; };
		CB2206631BE302E000E9159A /* ZXNewFeatureController.swift in Sources */ = {isa = PBXBuildFile; fileRef = CB2206621BE302E000E9159A /* ZXNewFeatureController.swift */; settings = {ASSET_TAGS = (); }; };
		CB22066A1BE3150C00E9159A /* UIColor+Extension.swift in Sources */ = {isa = PBXBuildFile; fileRef = CB2206691BE3150C00E9159A /* UIColor+Extension.swift */; settings = {ASSET_TAGS = (); }; };
		CB22066C1BE36F1200E9159A /* UIBarButtonItem+Extension.swift in Sources */ = {isa = PBXBuildFile; fileRef = CB22066B1BE36F1200E9159A /* UIBarButtonItem+Extension.swift */; settings = {ASSET_TAGS = (); }; };
		CB35FFD31BE8F6C700373347 /* ZXComposeController.swift in Sources */ = {isa = PBXBuildFile; fileRef = CB35FFD21BE8F6C700373347 /* ZXComposeController.swift */; settings = {ASSET_TAGS = (); }; };
		CB4DA82A1BE284BA0037F963 /* ZXWelcomeBackController.swift in Sources */ = {isa = PBXBuildFile; fileRef = CB4DA8291BE284BA0037F963 /* ZXWelcomeBackController.swift */; settings = {ASSET_TAGS = (); }; };
		CB6451031BE0E59700312B24 /* ZXOuathController.swift in Sources */ = {isa = PBXBuildFile; fileRef = CB6451021BE0E59700312B24 /* ZXOuathController.swift */; settings = {ASSET_TAGS = (); }; };
		CB6451451BE11E6000312B24 /* ZXNTWorking.swift in Sources */ = {isa = PBXBuildFile; fileRef = CB6451441BE11E6000312B24 /* ZXNTWorking.swift */; settings = {ASSET_TAGS = (); }; };
		CB6ED0FA1BDF0B5E0068FCEA /* ZXHomeViewController.swift in Sources */ = {isa = PBXBuildFile; fileRef = CB6ED0F91BDF0B5E0068FCEA /* ZXHomeViewController.swift */; settings = {ASSET_TAGS = (); }; };
		CB6ED0FC1BDF0B850068FCEA /* ZXMessageViewController.swift in Sources */ = {isa = PBXBuildFile; fileRef = CB6ED0FB1BDF0B850068FCEA /* ZXMessageViewController.swift */; settings = {ASSET_TAGS = (); }; };
		CB6ED0FE1BDF0B9B0068FCEA /* ZXDiscoverViewController.swift in Sources */ = {isa = PBXBuildFile; fileRef = CB6ED0FD1BDF0B9B0068FCEA /* ZXDiscoverViewController.swift */; settings = {ASSET_TAGS = (); }; };
		CB6ED1001BDF0BAA0068FCEA /* ZXMeViewController.swift in Sources */ = {isa = PBXBuildFile; fileRef = CB6ED0FF1BDF0BAA0068FCEA /* ZXMeViewController.swift */; settings = {ASSET_TAGS = (); }; };
		CB6ED1061BDF0C520068FCEA /* ZXTabBarController.swift in Sources */ = {isa = PBXBuildFile; fileRef = CB6ED1051BDF0C520068FCEA /* ZXTabBarController.swift */; settings = {ASSET_TAGS = (); }; };
		CB6ED1261BDF58370068FCEA /* ZXTabBar.swift in Sources */ = {isa = PBXBuildFile; fileRef = CB6ED1251BDF58370068FCEA /* ZXTabBar.swift */; settings = {ASSET_TAGS = (); }; };
		CB6ED1281BDF9B230068FCEA /* ZXBaseViewController.swift in Sources */ = {isa = PBXBuildFile; fileRef = CB6ED1271BDF9B230068FCEA /* ZXBaseViewController.swift */; settings = {ASSET_TAGS = (); }; };
		CB6ED12A1BDF9C720068FCEA /* ZXVisiterView.swift in Sources */ = {isa = PBXBuildFile; fileRef = CB6ED1291BDF9C720068FCEA /* ZXVisiterView.swift */; settings = {ASSET_TAGS = (); }; };
		CB9AA2081BE9F9FF00D91E7E /* ZXTextView.swift in Sources */ = {isa = PBXBuildFile; fileRef = CB9AA2071BE9F9FF00D91E7E /* ZXTextView.swift */; settings = {ASSET_TAGS = (); }; };
		CBA726DA1BE5A8FA003BD58B /* ZXStatusBottomView.swift in Sources */ = {isa = PBXBuildFile; fileRef = CBA726D91BE5A8FA003BD58B /* ZXStatusBottomView.swift */; settings = {ASSET_TAGS = (); }; };
		CBA726DC1BE5A9A5003BD58B /* UIButton+Extension.swift in Sources */ = {isa = PBXBuildFile; fileRef = CBA726DB1BE5A9A5003BD58B /* UIButton+Extension.swift */; settings = {ASSET_TAGS = (); }; };
		CBA726DE1BE60757003BD58B /* ZXPictureView.swift in Sources */ = {isa = PBXBuildFile; fileRef = CBA726DD1BE60757003BD58B /* ZXPictureView.swift */; settings = {ASSET_TAGS = (); }; };
		CBA726E01BE610B7003BD58B /* UIImageView+Extension.swift in Sources */ = {isa = PBXBuildFile; fileRef = CBA726DF1BE610B7003BD58B /* UIImageView+Extension.swift */; settings = {ASSET_TAGS = (); }; };
		CBE7AEEB1BE631E100B40D4B /* ZXStatusNomalCell.swift in Sources */ = {isa = PBXBuildFile; fileRef = CBE7AEEA1BE631E100B40D4B /* ZXStatusNomalCell.swift */; settings = {ASSET_TAGS = (); }; };
		CBE7AEED1BE6321F00B40D4B /* ZXStatusForwardCell.swift in Sources */ = {isa = PBXBuildFile; fileRef = CBE7AEEC1BE6321F00B40D4B /* ZXStatusForwardCell.swift */; settings = {ASSET_TAGS = (); }; };
		CBF467CC1BE244AE00D963CE /* ZXUserAccount.swift in Sources */ = {isa = PBXBuildFile; fileRef = CBF467CB1BE244AE00D963CE /* ZXUserAccount.swift */; settings = {ASSET_TAGS = (); }; };
		CBF66D0C1BDE556700937A82 /* AppDelegate.swift in Sources */ = {isa = PBXBuildFile; fileRef = CBF66D0B1BDE556700937A82 /* AppDelegate.swift */; };
		CBF66D131BDE556700937A82 /* Assets.xcassets in Resources */ = {isa = PBXBuildFile; fileRef = CBF66D121BDE556700937A82 /* Assets.xcassets */; };
/* End PBXBuildFile section */

/* Begin PBXFileReference section */
		1D82F5ACA0D585714A0FE5B0 /* Pods.debug.xcconfig */ = {isa = PBXFileReference; includeInIndex = 1; lastKnownFileType = text.xcconfig; name = Pods.debug.xcconfig; path = "Pods/Target Support Files/Pods/Pods.debug.xcconfig"; sourceTree = "<group>"; };
		34AFFAFE9594A10880D901EE /* Pods.release.xcconfig */ = {isa = PBXFileReference; includeInIndex = 1; lastKnownFileType = text.xcconfig; name = Pods.release.xcconfig; path = "Pods/Target Support Files/Pods/Pods.release.xcconfig"; sourceTree = "<group>"; };
		CB045E8A1BE480E500A22682 /* ZXTitleBtn.swift */ = {isa = PBXFileReference; fileEncoding = 4; lastKnownFileType = sourcecode.swift; path = ZXTitleBtn.swift; sourceTree = "<group>"; };
		CB045E8C1BE4D95200A22682 /* statuses.json */ = {isa = PBXFileReference; fileEncoding = 4; lastKnownFileType = text.json; path = statuses.json; sourceTree = "<group>"; };
		CB045E8E1BE4DFD600A22682 /* UIView+AutoLayout.swift */ = {isa = PBXFileReference; fileEncoding = 4; lastKnownFileType = sourcecode.swift; path = "UIView+AutoLayout.swift"; sourceTree = "<group>"; };
		CB045E901BE4E2E600A22682 /* ZXUser.swift */ = {isa = PBXFileReference; fileEncoding = 4; lastKnownFileType = sourcecode.swift; path = ZXUser.swift; sourceTree = "<group>"; };
		CB045E921BE4E2FB00A22682 /* ZXStatus.swift */ = {isa = PBXFileReference; fileEncoding = 4; lastKnownFileType = sourcecode.swift; path = ZXStatus.swift; sourceTree = "<group>"; };
		CB045E951BE4E9DF00A22682 /* ZXStatusCell.swift */ = {isa = PBXFileReference; fileEncoding = 4; lastKnownFileType = sourcecode.swift; path = ZXStatusCell.swift; sourceTree = "<group>"; };
		CB045E971BE4EA0400A22682 /* ZXStatusTopView.swift */ = {isa = PBXFileReference; fileEncoding = 4; lastKnownFileType = sourcecode.swift; path = ZXStatusTopView.swift; sourceTree = "<group>"; };
		CB045E991BE4EB0200A22682 /* Label+Extension.swift */ = {isa = PBXFileReference; fileEncoding = 4; lastKnownFileType = sourcecode.swift; path = "Label+Extension.swift"; sourceTree = "<group>"; };
		CB08FA3C1BE878C2009702A1 /* ZXRefreshControl.swift */ = {isa = PBXFileReference; fileEncoding = 4; lastKnownFileType = sourcecode.swift; path = ZXRefreshControl.swift; sourceTree = "<group>"; };
		CB08FA3E1BE87989009702A1 /* ZXRefresh.xib */ = {isa = PBXFileReference; fileEncoding = 4; lastKnownFileType = file.xib; path = ZXRefresh.xib; sourceTree = "<group>"; };
		CB2206621BE302E000E9159A /* ZXNewFeatureController.swift */ = {isa = PBXFileReference; fileEncoding = 4; lastKnownFileType = sourcecode.swift; path = ZXNewFeatureController.swift; sourceTree = "<group>"; };
		CB2206691BE3150C00E9159A /* UIColor+Extension.swift */ = {isa = PBXFileReference; fileEncoding = 4; lastKnownFileType = sourcecode.swift; path = "UIColor+Extension.swift"; sourceTree = "<group>"; };
		CB22066B1BE36F1200E9159A /* UIBarButtonItem+Extension.swift */ = {isa = PBXFileReference; fileEncoding = 4; lastKnownFileType = sourcecode.swift; path = "UIBarButtonItem+Extension.swift"; sourceTree = "<group>"; };
		CB35FFD21BE8F6C700373347 /* ZXComposeController.swift */ = {isa = PBXFileReference; fileEncoding = 4; lastKnownFileType = sourcecode.swift; path = ZXComposeController.swift; sourceTree = "<group>"; };
		CB4DA8291BE284BA0037F963 /* ZXWelcomeBackController.swift */ = {isa = PBXFileReference; fileEncoding = 4; lastKnownFileType = sourcecode.swift; path = ZXWelcomeBackController.swift; sourceTree = "<group>"; };
		CB6451021BE0E59700312B24 /* ZXOuathController.swift */ = {isa = PBXFileReference; fileEncoding = 4; lastKnownFileType = sourcecode.swift; path = ZXOuathController.swift; sourceTree = "<group>"; };
		CB6451441BE11E6000312B24 /* ZXNTWorking.swift */ = {isa = PBXFileReference; fileEncoding = 4; lastKnownFileType = sourcecode.swift; name = ZXNTWorking.swift; path = ../Tool/ZXNTWorking.swift; sourceTree = "<group>"; };
		CB6ED0F91BDF0B5E0068FCEA /* ZXHomeViewController.swift */ = {isa = PBXFileReference; fileEncoding = 4; lastKnownFileType = sourcecode.swift; path = ZXHomeViewController.swift; sourceTree = "<group>"; };
		CB6ED0FB1BDF0B850068FCEA /* ZXMessageViewController.swift */ = {isa = PBXFileReference; fileEncoding = 4; lastKnownFileType = sourcecode.swift; path = ZXMessageViewController.swift; sourceTree = "<group>"; };
		CB6ED0FD1BDF0B9B0068FCEA /* ZXDiscoverViewController.swift */ = {isa = PBXFileReference; fileEncoding = 4; lastKnownFileType = sourcecode.swift; path = ZXDiscoverViewController.swift; sourceTree = "<group>"; };
		CB6ED0FF1BDF0BAA0068FCEA /* ZXMeViewController.swift */ = {isa = PBXFileReference; fileEncoding = 4; lastKnownFileType = sourcecode.swift; path = ZXMeViewController.swift; sourceTree = "<group>"; };
		CB6ED1051BDF0C520068FCEA /* ZXTabBarController.swift */ = {isa = PBXFileReference; fileEncoding = 4; lastKnownFileType = sourcecode.swift; path = ZXTabBarController.swift; sourceTree = "<group>"; };
		CB6ED1251BDF58370068FCEA /* ZXTabBar.swift */ = {isa = PBXFileReference; fileEncoding = 4; lastKnownFileType = sourcecode.swift; path = ZXTabBar.swift; sourceTree = "<group>"; };
		CB6ED1271BDF9B230068FCEA /* ZXBaseViewController.swift */ = {isa = PBXFileReference; fileEncoding = 4; lastKnownFileType = sourcecode.swift; path = ZXBaseViewController.swift; sourceTree = "<group>"; };
		CB6ED1291BDF9C720068FCEA /* ZXVisiterView.swift */ = {isa = PBXFileReference; fileEncoding = 4; lastKnownFileType = sourcecode.swift; path = ZXVisiterView.swift; sourceTree = "<group>"; };
		CB9AA2071BE9F9FF00D91E7E /* ZXTextView.swift */ = {isa = PBXFileReference; fileEncoding = 4; lastKnownFileType = sourcecode.swift; path = ZXTextView.swift; sourceTree = "<group>"; };
		CBA726D91BE5A8FA003BD58B /* ZXStatusBottomView.swift */ = {isa = PBXFileReference; fileEncoding = 4; lastKnownFileType = sourcecode.swift; path = ZXStatusBottomView.swift; sourceTree = "<group>"; };
		CBA726DB1BE5A9A5003BD58B /* UIButton+Extension.swift */ = {isa = PBXFileReference; fileEncoding = 4; lastKnownFileType = sourcecode.swift; path = "UIButton+Extension.swift"; sourceTree = "<group>"; };
		CBA726DD1BE60757003BD58B /* ZXPictureView.swift */ = {isa = PBXFileReference; fileEncoding = 4; lastKnownFileType = sourcecode.swift; path = ZXPictureView.swift; sourceTree = "<group>"; };
		CBA726DF1BE610B7003BD58B /* UIImageView+Extension.swift */ = {isa = PBXFileReference; fileEncoding = 4; lastKnownFileType = sourcecode.swift; path = "UIImageView+Extension.swift"; sourceTree = "<group>"; };
		CBE7AEEA1BE631E100B40D4B /* ZXStatusNomalCell.swift */ = {isa = PBXFileReference; fileEncoding = 4; lastKnownFileType = sourcecode.swift; path = ZXStatusNomalCell.swift; sourceTree = "<group>"; };
		CBE7AEEC1BE6321F00B40D4B /* ZXStatusForwardCell.swift */ = {isa = PBXFileReference; fileEncoding = 4; lastKnownFileType = sourcecode.swift; path = ZXStatusForwardCell.swift; sourceTree = "<group>"; };
		CBF467CB1BE244AE00D963CE /* ZXUserAccount.swift */ = {isa = PBXFileReference; fileEncoding = 4; lastKnownFileType = sourcecode.swift; path = ZXUserAccount.swift; sourceTree = "<group>"; };
		CBF66D081BDE556700937A82 /* ZXSingaSwift.app */ = {isa = PBXFileReference; explicitFileType = wrapper.application; includeInIndex = 0; path = ZXSingaSwift.app; sourceTree = BUILT_PRODUCTS_DIR; };
		CBF66D0B1BDE556700937A82 /* AppDelegate.swift */ = {isa = PBXFileReference; lastKnownFileType = sourcecode.swift; name = AppDelegate.swift; path = ../../AppDelegate.swift; sourceTree = "<group>"; };
		CBF66D121BDE556700937A82 /* Assets.xcassets */ = {isa = PBXFileReference; lastKnownFileType = folder.assetcatalog; name = Assets.xcassets; path = ../../Assets.xcassets; sourceTree = "<group>"; };
		CBF66D171BDE556700937A82 /* Info.plist */ = {isa = PBXFileReference; lastKnownFileType = text.plist.xml; name = Info.plist; path = ../../Info.plist; sourceTree = "<group>"; };
		FD918EF410E0C2313C441163 /* Pods.framework */ = {isa = PBXFileReference; explicitFileType = wrapper.framework; includeInIndex = 0; path = Pods.framework; sourceTree = BUILT_PRODUCTS_DIR; };
/* End PBXFileReference section */

/* Begin PBXFrameworksBuildPhase section */
		CBF66D051BDE556700937A82 /* Frameworks */ = {
			isa = PBXFrameworksBuildPhase;
			buildActionMask = 2147483647;
			files = (
				9F5ECAEBF1461BA020603A1F /* Pods.framework in Frameworks */,
			);
			runOnlyForDeploymentPostprocessing = 0;
		};
/* End PBXFrameworksBuildPhase section */

/* Begin PBXGroup section */
		14608B5256A43F8DEB4D8A67 /* Frameworks */ = {
			isa = PBXGroup;
			children = (
				FD918EF410E0C2313C441163 /* Pods.framework */,
			);
			name = Frameworks;
			sourceTree = "<group>";
		};
		B5F252A9F2BA4EF1F7323DD0 /* Pods */ = {
			isa = PBXGroup;
			children = (
				1D82F5ACA0D585714A0FE5B0 /* Pods.debug.xcconfig */,
				34AFFAFE9594A10880D901EE /* Pods.release.xcconfig */,
			);
			name = Pods;
			sourceTree = "<group>";
		};
		CB045E941BE4E99700A22682 /* Cell */ = {
			isa = PBXGroup;
			children = (
				CB045E951BE4E9DF00A22682 /* ZXStatusCell.swift */,
				CBE7AEEA1BE631E100B40D4B /* ZXStatusNomalCell.swift */,
				CBE7AEEC1BE6321F00B40D4B /* ZXStatusForwardCell.swift */,
				CB045E971BE4EA0400A22682 /* ZXStatusTopView.swift */,
				CBA726D91BE5A8FA003BD58B /* ZXStatusBottomView.swift */,
				CBA726DD1BE60757003BD58B /* ZXPictureView.swift */,
			);
			path = Cell;
			sourceTree = "<group>";
		};
		CB08FA3B1BE8789E009702A1 /* Refresh */ = {
			isa = PBXGroup;
			children = (
				CB08FA3C1BE878C2009702A1 /* ZXRefreshControl.swift */,
				CB08FA3E1BE87989009702A1 /* ZXRefresh.xib */,
			);
			path = Refresh;
			sourceTree = "<group>";
		};
		CB35FFD01BE8F69E00373347 /* Compose(发微博) */ = {
			isa = PBXGroup;
			children = (
				CB35FFD11BE8F69E00373347 /* Controller */,
				CB9AA2061BE9F9E300D91E7E /* View */,
			);
			path = "Compose(发微博)";
			sourceTree = "<group>";
		};
		CB35FFD11BE8F69E00373347 /* Controller */ = {
			isa = PBXGroup;
			children = (
				CB35FFD21BE8F6C700373347 /* ZXComposeController.swift */,
			);
			path = Controller;
			sourceTree = "<group>";
		};
		CB4DA8271BE2841F0037F963 /* NewFeature(新特性) */ = {
			isa = PBXGroup;
			children = (
				CB4DA8281BE2841F0037F963 /* Controller */,
			);
			path = "NewFeature(新特性)";
			sourceTree = "<group>";
		};
		CB4DA8281BE2841F0037F963 /* Controller */ = {
			isa = PBXGroup;
			children = (
				CB4DA8291BE284BA0037F963 /* ZXWelcomeBackController.swift */,
				CB2206621BE302E000E9159A /* ZXNewFeatureController.swift */,
			);
			path = Controller;
			sourceTree = "<group>";
		};
		CB6451001BE0E56500312B24 /* Ouath(授权) */ = {
			isa = PBXGroup;
			children = (
				CB6451011BE0E56500312B24 /* Controller */,
			);
			path = "Ouath(授权)";
			sourceTree = "<group>";
		};
		CB6451011BE0E56500312B24 /* Controller */ = {
			isa = PBXGroup;
			children = (
				CB6451021BE0E59700312B24 /* ZXOuathController.swift */,
			);
			path = Controller;
			sourceTree = "<group>";
		};
		CB6ED0E41BDF0A100068FCEA /* Classes */ = {
			isa = PBXGroup;
			children = (
				CB35FFD01BE8F69E00373347 /* Compose(发微博) */,
				CB4DA8271BE2841F0037F963 /* NewFeature(新特性) */,
				CB6451001BE0E56500312B24 /* Ouath(授权) */,
				CB6ED1011BDF0BFF0068FCEA /* Main(主要) */,
				CB6ED0E91BDF0A100068FCEA /* Home(首页) */,
				CB6ED0F11BDF0A100068FCEA /* Message(消息) */,
				CB6ED0E51BDF0A100068FCEA /* Discover(发现) */,
				CB6ED0ED1BDF0A100068FCEA /* Me(我) */,
			);
			path = Classes;
			sourceTree = "<group>";
		};
		CB6ED0E51BDF0A100068FCEA /* Discover(发现) */ = {
			isa = PBXGroup;
			children = (
				CB6ED0E61BDF0A100068FCEA /* Controller */,
				CB6ED0E71BDF0A100068FCEA /* Model */,
				CB6ED0E81BDF0A100068FCEA /* View */,
			);
			path = "Discover(发现)";
			sourceTree = "<group>";
		};
		CB6ED0E61BDF0A100068FCEA /* Controller */ = {
			isa = PBXGroup;
			children = (
				CB6ED0FD1BDF0B9B0068FCEA /* ZXDiscoverViewController.swift */,
			);
			path = Controller;
			sourceTree = "<group>";
		};
		CB6ED0E71BDF0A100068FCEA /* Model */ = {
			isa = PBXGroup;
			children = (
			);
			path = Model;
			sourceTree = "<group>";
		};
		CB6ED0E81BDF0A100068FCEA /* View */ = {
			isa = PBXGroup;
			children = (
			);
			path = View;
			sourceTree = "<group>";
		};
		CB6ED0E91BDF0A100068FCEA /* Home(首页) */ = {
			isa = PBXGroup;
			children = (
				CB6ED0EA1BDF0A100068FCEA /* Controller */,
				CB6ED0EB1BDF0A100068FCEA /* Model */,
				CB6ED0EC1BDF0A100068FCEA /* View */,
			);
			path = "Home(首页)";
			sourceTree = "<group>";
		};
		CB6ED0EA1BDF0A100068FCEA /* Controller */ = {
			isa = PBXGroup;
			children = (
				CB6ED0F91BDF0B5E0068FCEA /* ZXHomeViewController.swift */,
			);
			path = Controller;
			sourceTree = "<group>";
		};
		CB6ED0EB1BDF0A100068FCEA /* Model */ = {
			isa = PBXGroup;
			children = (
			);
			path = Model;
			sourceTree = "<group>";
		};
		CB6ED0EC1BDF0A100068FCEA /* View */ = {
			isa = PBXGroup;
			children = (
				CB08FA3B1BE8789E009702A1 /* Refresh */,
				CB045E941BE4E99700A22682 /* Cell */,
				CB045E8A1BE480E500A22682 /* ZXTitleBtn.swift */,
			);
			path = View;
			sourceTree = "<group>";
		};
		CB6ED0ED1BDF0A100068FCEA /* Me(我) */ = {
			isa = PBXGroup;
			children = (
				CB6ED0EE1BDF0A100068FCEA /* Controller */,
				CB6ED0EF1BDF0A100068FCEA /* Model */,
				CB6ED0F01BDF0A100068FCEA /* View */,
			);
			path = "Me(我)";
			sourceTree = "<group>";
		};
		CB6ED0EE1BDF0A100068FCEA /* Controller */ = {
			isa = PBXGroup;
			children = (
				CB6ED0FF1BDF0BAA0068FCEA /* ZXMeViewController.swift */,
			);
			path = Controller;
			sourceTree = "<group>";
		};
		CB6ED0EF1BDF0A100068FCEA /* Model */ = {
			isa = PBXGroup;
			children = (
			);
			path = Model;
			sourceTree = "<group>";
		};
		CB6ED0F01BDF0A100068FCEA /* View */ = {
			isa = PBXGroup;
			children = (
			);
			path = View;
			sourceTree = "<group>";
		};
		CB6ED0F11BDF0A100068FCEA /* Message(消息) */ = {
			isa = PBXGroup;
			children = (
				CB6ED0F21BDF0A100068FCEA /* Controller */,
				CB6ED0F31BDF0A100068FCEA /* Model */,
				CB6ED0F41BDF0A100068FCEA /* View */,
			);
			path = "Message(消息)";
			sourceTree = "<group>";
		};
		CB6ED0F21BDF0A100068FCEA /* Controller */ = {
			isa = PBXGroup;
			children = (
				CB6ED0FB1BDF0B850068FCEA /* ZXMessageViewController.swift */,
			);
			path = Controller;
			sourceTree = "<group>";
		};
		CB6ED0F31BDF0A100068FCEA /* Model */ = {
			isa = PBXGroup;
			children = (
			);
			path = Model;
			sourceTree = "<group>";
		};
		CB6ED0F41BDF0A100068FCEA /* View */ = {
			isa = PBXGroup;
			children = (
			);
			path = View;
			sourceTree = "<group>";
		};
		CB6ED0F51BDF0A100068FCEA /* GlobalModel */ = {
			isa = PBXGroup;
			children = (
				CB6451441BE11E6000312B24 /* ZXNTWorking.swift */,
				CBF467CB1BE244AE00D963CE /* ZXUserAccount.swift */,
				CB045E901BE4E2E600A22682 /* ZXUser.swift */,
				CB045E921BE4E2FB00A22682 /* ZXStatus.swift */,
			);
			path = GlobalModel;
			sourceTree = "<group>";
		};
		CB6ED0F61BDF0A100068FCEA /* GlobalView */ = {
			isa = PBXGroup;
			children = (
			);
			path = GlobalView;
			sourceTree = "<group>";
		};
		CB6ED0F71BDF0A100068FCEA /* Tool */ = {
			isa = PBXGroup;
			children = (
				CB045E8E1BE4DFD600A22682 /* UIView+AutoLayout.swift */,
				CB2206691BE3150C00E9159A /* UIColor+Extension.swift */,
				CB22066B1BE36F1200E9159A /* UIBarButtonItem+Extension.swift */,
				CB045E991BE4EB0200A22682 /* Label+Extension.swift */,
				CBA726DB1BE5A9A5003BD58B /* UIButton+Extension.swift */,
				CBA726DF1BE610B7003BD58B /* UIImageView+Extension.swift */,
			);
			path = Tool;
			sourceTree = "<group>";
		};
		CB6ED0F81BDF0AB20068FCEA /* Other */ = {
			isa = PBXGroup;
			children = (
				CBF66D0B1BDE556700937A82 /* AppDelegate.swift */,
				CBF66D121BDE556700937A82 /* Assets.xcassets */,
				CB045E8C1BE4D95200A22682 /* statuses.json */,
				CBF66D171BDE556700937A82 /* Info.plist */,
			);
			name = Other;
			path = Classes/Other;
			sourceTree = "<group>";
		};
		CB6ED1011BDF0BFF0068FCEA /* Main(主要) */ = {
			isa = PBXGroup;
			children = (
				CB6ED1021BDF0C290068FCEA /* Controller */,
				CB6ED1031BDF0C290068FCEA /* Model */,
				CB6ED1041BDF0C290068FCEA /* View */,
			);
			path = "Main(主要)";
			sourceTree = "<group>";
		};
		CB6ED1021BDF0C290068FCEA /* Controller */ = {
			isa = PBXGroup;
			children = (
				CB6ED1051BDF0C520068FCEA /* ZXTabBarController.swift */,
				CB6ED1271BDF9B230068FCEA /* ZXBaseViewController.swift */,
			);
			path = Controller;
			sourceTree = "<group>";
		};
		CB6ED1031BDF0C290068FCEA /* Model */ = {
			isa = PBXGroup;
			children = (
			);
			path = Model;
			sourceTree = "<group>";
		};
		CB6ED1041BDF0C290068FCEA /* View */ = {
			isa = PBXGroup;
			children = (
				CB6ED1251BDF58370068FCEA /* ZXTabBar.swift */,
				CB6ED1291BDF9C720068FCEA /* ZXVisiterView.swift */,
			);
			path = View;
			sourceTree = "<group>";
		};
		CB9AA2061BE9F9E300D91E7E /* View */ = {
			isa = PBXGroup;
			children = (
				CB9AA2071BE9F9FF00D91E7E /* ZXTextView.swift */,
			);
			path = View;
			sourceTree = "<group>";
		};
		CBF66CFF1BDE556700937A82 = {
			isa = PBXGroup;
			children = (
				CBF66D0A1BDE556700937A82 /* ZXSingaSwift */,
				CBF66D091BDE556700937A82 /* Products */,
				B5F252A9F2BA4EF1F7323DD0 /* Pods */,
				14608B5256A43F8DEB4D8A67 /* Frameworks */,
			);
			sourceTree = "<group>";
		};
		CBF66D091BDE556700937A82 /* Products */ = {
			isa = PBXGroup;
			children = (
				CBF66D081BDE556700937A82 /* ZXSingaSwift.app */,
			);
			name = Products;
			sourceTree = "<group>";
		};
		CBF66D0A1BDE556700937A82 /* ZXSingaSwift */ = {
			isa = PBXGroup;
			children = (
				CB6ED0F61BDF0A100068FCEA /* GlobalView */,
				CB6ED0F71BDF0A100068FCEA /* Tool */,
				CB6ED0F51BDF0A100068FCEA /* GlobalModel */,
				CB6ED0E41BDF0A100068FCEA /* Classes */,
				CB6ED0F81BDF0AB20068FCEA /* Other */,
			);
			path = ZXSingaSwift;
			sourceTree = "<group>";
		};
/* End PBXGroup section */

/* Begin PBXNativeTarget section */
		CBF66D071BDE556700937A82 /* ZXSingaSwift */ = {
			isa = PBXNativeTarget;
			buildConfigurationList = CBF66D1A1BDE556700937A82 /* Build configuration list for PBXNativeTarget "ZXSingaSwift" */;
			buildPhases = (
				951DF9D50AB3881C0B15E995 /* Check Pods Manifest.lock */,
				CBF66D041BDE556700937A82 /* Sources */,
				CBF66D051BDE556700937A82 /* Frameworks */,
				CBF66D061BDE556700937A82 /* Resources */,
				928C699B4DAB2473C516332B /* Embed Pods Frameworks */,
				03197B23C035CB3D16E5911F /* Copy Pods Resources */,
			);
			buildRules = (
			);
			dependencies = (
			);
			name = ZXSingaSwift;
			productName = ZXSingaSwift;
			productReference = CBF66D081BDE556700937A82 /* ZXSingaSwift.app */;
			productType = "com.apple.product-type.application";
		};
/* End PBXNativeTarget section */

/* Begin PBXProject section */
		CBF66D001BDE556700937A82 /* Project object */ = {
			isa = PBXProject;
			attributes = {
				CLASSPREFIX = ZX;
				LastSwiftUpdateCheck = 0700;
				LastUpgradeCheck = 0700;
				ORGANIZATIONNAME = " 周学明";
				TargetAttributes = {
					CBF66D071BDE556700937A82 = {
						CreatedOnToolsVersion = 7.0.1;
						DevelopmentTeam = 6D9633UD2A;
					};
				};
			};
			buildConfigurationList = CBF66D031BDE556700937A82 /* Build configuration list for PBXProject "ZXSingaSwift" */;
			compatibilityVersion = "Xcode 3.2";
			developmentRegion = English;
			hasScannedForEncodings = 0;
			knownRegions = (
				en,
				Base,
			);
			mainGroup = CBF66CFF1BDE556700937A82;
			productRefGroup = CBF66D091BDE556700937A82 /* Products */;
			projectDirPath = "";
			projectRoot = "";
			targets = (
				CBF66D071BDE556700937A82 /* ZXSingaSwift */,
			);
		};
/* End PBXProject section */

/* Begin PBXResourcesBuildPhase section */
		CBF66D061BDE556700937A82 /* Resources */ = {
			isa = PBXResourcesBuildPhase;
			buildActionMask = 2147483647;
			files = (
				CBF66D131BDE556700937A82 /* Assets.xcassets in Resources */,
				CB08FA3F1BE87989009702A1 /* ZXRefresh.xib in Resources */,
				CB045E8D1BE4D95200A22682 /* statuses.json in Resources */,
			);
			runOnlyForDeploymentPostprocessing = 0;
		};
/* End PBXResourcesBuildPhase section */

/* Begin PBXShellScriptBuildPhase section */
		03197B23C035CB3D16E5911F /* Copy Pods Resources */ = {
			isa = PBXShellScriptBuildPhase;
			buildActionMask = 2147483647;
			files = (
			);
			inputPaths = (
			);
			name = "Copy Pods Resources";
			outputPaths = (
			);
			runOnlyForDeploymentPostprocessing = 0;
			shellPath = /bin/sh;
			shellScript = "\"${SRCROOT}/Pods/Target Support Files/Pods/Pods-resources.sh\"\n";
			showEnvVarsInLog = 0;
		};
		928C699B4DAB2473C516332B /* Embed Pods Frameworks */ = {
			isa = PBXShellScriptBuildPhase;
			buildActionMask = 2147483647;
			files = (
			);
			inputPaths = (
			);
			name = "Embed Pods Frameworks";
			outputPaths = (
			);
			runOnlyForDeploymentPostprocessing = 0;
			shellPath = /bin/sh;
			shellScript = "\"${SRCROOT}/Pods/Target Support Files/Pods/Pods-frameworks.sh\"\n";
			showEnvVarsInLog = 0;
		};
		951DF9D50AB3881C0B15E995 /* Check Pods Manifest.lock */ = {
			isa = PBXShellScriptBuildPhase;
			buildActionMask = 2147483647;
			files = (
			);
			inputPaths = (
			);
			name = "Check Pods Manifest.lock";
			outputPaths = (
			);
			runOnlyForDeploymentPostprocessing = 0;
			shellPath = /bin/sh;
			shellScript = "diff \"${PODS_ROOT}/../Podfile.lock\" \"${PODS_ROOT}/Manifest.lock\" > /dev/null\nif [[ $? != 0 ]] ; then\n    cat << EOM\nerror: The sandbox is not in sync with the Podfile.lock. Run 'pod install' or update your CocoaPods installation.\nEOM\n    exit 1\nfi\n";
			showEnvVarsInLog = 0;
		};
/* End PBXShellScriptBuildPhase section */

/* Begin PBXSourcesBuildPhase section */
		CBF66D041BDE556700937A82 /* Sources */ = {
			isa = PBXSourcesBuildPhase;
			buildActionMask = 2147483647;
			files = (
				CB22066C1BE36F1200E9159A /* UIBarButtonItem+Extension.swift in Sources */,
				CB08FA3D1BE878C2009702A1 /* ZXRefreshControl.swift in Sources */,
				CB045E8F1BE4DFD600A22682 /* UIView+AutoLayout.swift in Sources */,
				CB6ED12A1BDF9C720068FCEA /* ZXVisiterView.swift in Sources */,
				CB045E931BE4E2FB00A22682 /* ZXStatus.swift in Sources */,
				CBF66D0C1BDE556700937A82 /* AppDelegate.swift in Sources */,
				CB6ED1281BDF9B230068FCEA /* ZXBaseViewController.swift in Sources */,
				CB6451031BE0E59700312B24 /* ZXOuathController.swift in Sources */,
				CB35FFD31BE8F6C700373347 /* ZXComposeController.swift in Sources */,
				CB4DA82A1BE284BA0037F963 /* ZXWelcomeBackController.swift in Sources */,
				CBA726DC1BE5A9A5003BD58B /* UIButton+Extension.swift in Sources */,
				CBA726DA1BE5A8FA003BD58B /* ZXStatusBottomView.swift in Sources */,
				CB6ED0FE1BDF0B9B0068FCEA /* ZXDiscoverViewController.swift in Sources */,
				CB6451451BE11E6000312B24 /* ZXNTWorking.swift in Sources */,
				CBA726E01BE610B7003BD58B /* UIImageView+Extension.swift in Sources */,
				CB045E9A1BE4EB0200A22682 /* Label+Extension.swift in Sources */,
				CB6ED1001BDF0BAA0068FCEA /* ZXMeViewController.swift in Sources */,
				CB045E8B1BE480E500A22682 /* ZXTitleBtn.swift in Sources */,
				CB045E911BE4E2E600A22682 /* ZXUser.swift in Sources */,
				CB6ED0FA1BDF0B5E0068FCEA /* ZXHomeViewController.swift in Sources */,
				CB045E961BE4E9DF00A22682 /* ZXStatusCell.swift in Sources */,
				CB22066A1BE3150C00E9159A /* UIColor+Extension.swift in Sources */,
				CBA726DE1BE60757003BD58B /* ZXPictureView.swift in Sources */,
				CB2206631BE302E000E9159A /* ZXNewFeatureController.swift in Sources */,
				CBF467CC1BE244AE00D963CE /* ZXUserAccount.swift in Sources */,
				CBE7AEED1BE6321F00B40D4B /* ZXStatusForwardCell.swift in Sources */,
				CB045E981BE4EA0400A22682 /* ZXStatusTopView.swift in Sources */,
				CB6ED0FC1BDF0B850068FCEA /* ZXMessageViewController.swift in Sources */,
				CB6ED1061BDF0C520068FCEA /* ZXTabBarController.swift in Sources */,
				CB9AA2081BE9F9FF00D91E7E /* ZXTextView.swift in Sources */,
				CB6ED1261BDF58370068FCEA /* ZXTabBar.swift in Sources */,
				CBE7AEEB1BE631E100B40D4B /* ZXStatusNomalCell.swift in Sources */,
			);
			runOnlyForDeploymentPostprocessing = 0;
		};
/* End PBXSourcesBuildPhase section */

/* Begin XCBuildConfiguration section */
		CBF66D181BDE556700937A82 /* Debug */ = {
			isa = XCBuildConfiguration;
			buildSettings = {
				ALWAYS_SEARCH_USER_PATHS = NO;
				CLANG_CXX_LANGUAGE_STANDARD = "gnu++0x";
				CLANG_CXX_LIBRARY = "libc++";
				CLANG_ENABLE_MODULES = YES;
				CLANG_ENABLE_OBJC_ARC = YES;
				CLANG_WARN_BOOL_CONVERSION = YES;
				CLANG_WARN_CONSTANT_CONVERSION = YES;
				CLANG_WARN_DIRECT_OBJC_ISA_USAGE = YES_ERROR;
				CLANG_WARN_EMPTY_BODY = YES;
				CLANG_WARN_ENUM_CONVERSION = YES;
				CLANG_WARN_INT_CONVERSION = YES;
				CLANG_WARN_OBJC_ROOT_CLASS = YES_ERROR;
				CLANG_WARN_UNREACHABLE_CODE = YES;
				CLANG_WARN__DUPLICATE_METHOD_MATCH = YES;
				"CODE_SIGN_IDENTITY[sdk=iphoneos*]" = "iPhone Developer";
				COPY_PHASE_STRIP = NO;
				DEBUG_INFORMATION_FORMAT = dwarf;
				ENABLE_STRICT_OBJC_MSGSEND = YES;
				ENABLE_TESTABILITY = YES;
				GCC_C_LANGUAGE_STANDARD = gnu99;
				GCC_DYNAMIC_NO_PIC = NO;
				GCC_NO_COMMON_BLOCKS = YES;
				GCC_OPTIMIZATION_LEVEL = 0;
				GCC_PREPROCESSOR_DEFINITIONS = (
					"DEBUG=1",
					"$(inherited)",
				);
				GCC_WARN_64_TO_32_BIT_CONVERSION = YES;
				GCC_WARN_ABOUT_RETURN_TYPE = YES_ERROR;
				GCC_WARN_UNDECLARED_SELECTOR = YES;
				GCC_WARN_UNINITIALIZED_AUTOS = YES_AGGRESSIVE;
				GCC_WARN_UNUSED_FUNCTION = YES;
				GCC_WARN_UNUSED_VARIABLE = YES;
				IPHONEOS_DEPLOYMENT_TARGET = 9.0;
				MTL_ENABLE_DEBUG_INFO = YES;
				ONLY_ACTIVE_ARCH = YES;
				SDKROOT = iphoneos;
				SWIFT_OPTIMIZATION_LEVEL = "-Onone";
			};
			name = Debug;
		};
		CBF66D191BDE556700937A82 /* Release */ = {
			isa = XCBuildConfiguration;
			buildSettings = {
				ALWAYS_SEARCH_USER_PATHS = NO;
				CLANG_CXX_LANGUAGE_STANDARD = "gnu++0x";
				CLANG_CXX_LIBRARY = "libc++";
				CLANG_ENABLE_MODULES = YES;
				CLANG_ENABLE_OBJC_ARC = YES;
				CLANG_WARN_BOOL_CONVERSION = YES;
				CLANG_WARN_CONSTANT_CONVERSION = YES;
				CLANG_WARN_DIRECT_OBJC_ISA_USAGE = YES_ERROR;
				CLANG_WARN_EMPTY_BODY = YES;
				CLANG_WARN_ENUM_CONVERSION = YES;
				CLANG_WARN_INT_CONVERSION = YES;
				CLANG_WARN_OBJC_ROOT_CLASS = YES_ERROR;
				CLANG_WARN_UNREACHABLE_CODE = YES;
				CLANG_WARN__DUPLICATE_METHOD_MATCH = YES;
				"CODE_SIGN_IDENTITY[sdk=iphoneos*]" = "iPhone Developer";
				COPY_PHASE_STRIP = NO;
				DEBUG_INFORMATION_FORMAT = "dwarf-with-dsym";
				ENABLE_NS_ASSERTIONS = NO;
				ENABLE_STRICT_OBJC_MSGSEND = YES;
				GCC_C_LANGUAGE_STANDARD = gnu99;
				GCC_NO_COMMON_BLOCKS = YES;
				GCC_WARN_64_TO_32_BIT_CONVERSION = YES;
				GCC_WARN_ABOUT_RETURN_TYPE = YES_ERROR;
				GCC_WARN_UNDECLARED_SELECTOR = YES;
				GCC_WARN_UNINITIALIZED_AUTOS = YES_AGGRESSIVE;
				GCC_WARN_UNUSED_FUNCTION = YES;
				GCC_WARN_UNUSED_VARIABLE = YES;
				IPHONEOS_DEPLOYMENT_TARGET = 9.0;
				MTL_ENABLE_DEBUG_INFO = NO;
				SDKROOT = iphoneos;
				VALIDATE_PRODUCT = YES;
			};
			name = Release;
		};
		CBF66D1B1BDE556700937A82 /* Debug */ = {
			isa = XCBuildConfiguration;
			baseConfigurationReference = 1D82F5ACA0D585714A0FE5B0 /* Pods.debug.xcconfig */;
			buildSettings = {
				ASSETCATALOG_COMPILER_APPICON_NAME = AppIcon;
				ASSETCATALOG_COMPILER_LAUNCHIMAGE_NAME = BrandAsset;
				CLANG_ENABLE_MODULES = YES;
				INFOPLIST_FILE = ZXSingaSwift/Info.plist;
				IPHONEOS_DEPLOYMENT_TARGET = 8.0;
				LD_RUNPATH_SEARCH_PATHS = "$(inherited) @executable_path/Frameworks";
				PRODUCT_BUNDLE_IDENTIFIER = zxm.com.ZXSingaSwift;
				PRODUCT_NAME = "$(TARGET_NAME)";
				SWIFT_OPTIMIZATION_LEVEL = "-Onone";
			};
			name = Debug;
		};
		CBF66D1C1BDE556700937A82 /* Release */ = {
			isa = XCBuildConfiguration;
			baseConfigurationReference = 34AFFAFE9594A10880D901EE /* Pods.release.xcconfig */;
			buildSettings = {
				ASSETCATALOG_COMPILER_APPICON_NAME = AppIcon;
				ASSETCATALOG_COMPILER_LAUNCHIMAGE_NAME = BrandAsset;
				CLANG_ENABLE_MODULES = YES;
				INFOPLIST_FILE = ZXSingaSwift/Info.plist;
				IPHONEOS_DEPLOYMENT_TARGET = 8.0;
				LD_RUNPATH_SEARCH_PATHS = "$(inherited) @executable_path/Frameworks";
				PRODUCT_BUNDLE_IDENTIFIER = zxm.com.ZXSingaSwift;
				PRODUCT_NAME = "$(TARGET_NAME)";
			};
			name = Release;
		};
/* End XCBuildConfiguration section */

/* Begin XCConfigurationList section */
		CBF66D031BDE556700937A82 /* Build configuration list for PBXProject "ZXSingaSwift" */ = {
			isa = XCConfigurationList;
			buildConfigurations = (
				CBF66D181BDE556700937A82 /* Debug */,
				CBF66D191BDE556700937A82 /* Release */,
			);
			defaultConfigurationIsVisible = 0;
			defaultConfigurationName = Release;
		};
		CBF66D1A1BDE556700937A82 /* Build configuration list for PBXNativeTarget "ZXSingaSwift" */ = {
			isa = XCConfigurationList;
			buildConfigurations = (
				CBF66D1B1BDE556700937A82 /* Debug */,
				CBF66D1C1BDE556700937A82 /* Release */,
			);
			defaultConfigurationIsVisible = 0;
			defaultConfigurationName = Release;
		};
/* End XCConfigurationList section */
	};
	rootObject = CBF66D001BDE556700937A82 /* Project object */;
}
